// !$*UTF8*$!
{
	archiveVersion = 1;
	classes = {
	};
	objectVersion = 46;
	objects = {

/* Begin PBXBuildFile section */
		518D2D8F1A3D447C00799931 /* AppDelegate.swift in Sources */ = {isa = PBXBuildFile; fileRef = 518D2D8E1A3D447C00799931 /* AppDelegate.swift */; };
		518D2D911A3D447C00799931 /* ViewController.swift in Sources */ = {isa = PBXBuildFile; fileRef = 518D2D901A3D447C00799931 /* ViewController.swift */; };
		518D2D941A3D447C00799931 /* Main.storyboard in Resources */ = {isa = PBXBuildFile; fileRef = 518D2D921A3D447C00799931 /* Main.storyboard */; };
		518D2D961A3D447C00799931 /* Images.xcassets in Resources */ = {isa = PBXBuildFile; fileRef = 518D2D951A3D447C00799931 /* Images.xcassets */; };
		518D2D991A3D447C00799931 /* LaunchScreen.xib in Resources */ = {isa = PBXBuildFile; fileRef = 518D2D971A3D447C00799931 /* LaunchScreen.xib */; };
		518D2DA51A3D447C00799931 /* TweeterTests.swift in Sources */ = {isa = PBXBuildFile; fileRef = 518D2DA41A3D447C00799931 /* TweeterTests.swift */; };
		518D2DB11A3D774A00799931 /* ParseTweet.swift in Sources */ = {isa = PBXBuildFile; fileRef = 518D2DB01A3D774A00799931 /* ParseTweet.swift */; };
/* End PBXBuildFile section */

/* Begin PBXContainerItemProxy section */
		518D2D9F1A3D447C00799931 /* PBXContainerItemProxy */ = {
			isa = PBXContainerItemProxy;
			containerPortal = 518D2D811A3D447B00799931 /* Project object */;
			proxyType = 1;
			remoteGlobalIDString = 518D2D881A3D447C00799931;
			remoteInfo = Tweeter;
		};
/* End PBXContainerItemProxy section */

/* Begin PBXFileReference section */
		518D2D891A3D447C00799931 /* Tweeter.app */ = {isa = PBXFileReference; explicitFileType = wrapper.application; includeInIndex = 0; path = Tweeter.app; sourceTree = BUILT_PRODUCTS_DIR; };
		518D2D8D1A3D447C00799931 /* Info.plist */ = {isa = PBXFileReference; lastKnownFileType = text.plist.xml; path = Info.plist; sourceTree = "<group>"; };
		518D2D8E1A3D447C00799931 /* AppDelegate.swift */ = {isa = PBXFileReference; lastKnownFileType = sourcecode.swift; path = AppDelegate.swift; sourceTree = "<group>"; };
		518D2D901A3D447C00799931 /* ViewController.swift */ = {isa = PBXFileReference; lastKnownFileType = sourcecode.swift; path = ViewController.swift; sourceTree = "<group>"; };
		518D2D931A3D447C00799931 /* Base */ = {isa = PBXFileReference; lastKnownFileType = file.storyboard; name = Base; path = Base.lproj/Main.storyboard; sourceTree = "<group>"; };
		518D2D951A3D447C00799931 /* Images.xcassets */ = {isa = PBXFileReference; lastKnownFileType = folder.assetcatalog; path = Images.xcassets; sourceTree = "<group>"; };
		518D2D981A3D447C00799931 /* Base */ = {isa = PBXFileReference; lastKnownFileType = file.xib; name = Base; path = Base.lproj/LaunchScreen.xib; sourceTree = "<group>"; };
		518D2D9E1A3D447C00799931 /* TweeterTests.xctest */ = {isa = PBXFileReference; explicitFileType = wrapper.cfbundle; includeInIndex = 0; path = TweeterTests.xctest; sourceTree = BUILT_PRODUCTS_DIR; };
		518D2DA31A3D447C00799931 /* Info.plist */ = {isa = PBXFileReference; lastKnownFileType = text.plist.xml; path = Info.plist; sourceTree = "<group>"; };
		518D2DA41A3D447C00799931 /* TweeterTests.swift */ = {isa = PBXFileReference; lastKnownFileType = sourcecode.swift; path = TweeterTests.swift; sourceTree = "<group>"; };
		518D2DB01A3D774A00799931 /* ParseTweet.swift */ = {isa = PBXFileReference; fileEncoding = 4; lastKnownFileType = sourcecode.swift; path = ParseTweet.swift; sourceTree = "<group>"; };
/* End PBXFileReference section */

/* Begin PBXFrameworksBuildPhase section */
		518D2D861A3D447C00799931 /* Frameworks */ = {
			isa = PBXFrameworksBuildPhase;
			buildActionMask = 2147483647;
			files = (
			);
			runOnlyForDeploymentPostprocessing = 0;
		};
		518D2D9B1A3D447C00799931 /* Frameworks */ = {
			isa = PBXFrameworksBuildPhase;
			buildActionMask = 2147483647;
			files = (
			);
			runOnlyForDeploymentPostprocessing = 0;
		};
/* End PBXFrameworksBuildPhase section */

/* Begin PBXGroup section */
		518D2D801A3D447B00799931 = {
			isa = PBXGroup;
			children = (
				518D2D8B1A3D447C00799931 /* Tweeter */,
				518D2DA11A3D447C00799931 /* TweeterTests */,
				518D2D8A1A3D447C00799931 /* Products */,
			);
			sourceTree = "<group>";
		};
		518D2D8A1A3D447C00799931 /* Products */ = {
			isa = PBXGroup;
			children = (
				518D2D891A3D447C00799931 /* Tweeter.app */,
				518D2D9E1A3D447C00799931 /* TweeterTests.xctest */,
			);
			name = Products;
			sourceTree = "<group>";
		};
		518D2D8B1A3D447C00799931 /* Tweeter */ = {
			isa = PBXGroup;
			children = (
				518D2D8E1A3D447C00799931 /* AppDelegate.swift */,
				518D2D901A3D447C00799931 /* ViewController.swift */,
				518D2DB01A3D774A00799931 /* ParseTweet.swift */,
				518D2D921A3D447C00799931 /* Main.storyboard */,
				518D2D951A3D447C00799931 /* Images.xcassets */,
				518D2D971A3D447C00799931 /* LaunchScreen.xib */,
				518D2D8C1A3D447C00799931 /* Supporting Files */,
			);
			path = Tweeter;
			sourceTree = "<group>";
		};
		518D2D8C1A3D447C00799931 /* Supporting Files */ = {
			isa = PBXGroup;
			children = (
				518D2D8D1A3D447C00799931 /* Info.plist */,
			);
			name = "Supporting Files";
			sourceTree = "<group>";
		};
		518D2DA11A3D447C00799931 /* TweeterTests */ = {
			isa = PBXGroup;
			children = (
				518D2DA41A3D447C00799931 /* TweeterTests.swift */,
				518D2DA21A3D447C00799931 /* Supporting Files */,
			);
			path = TweeterTests;
			sourceTree = "<group>";
		};
		518D2DA21A3D447C00799931 /* Supporting Files */ = {
			isa = PBXGroup;
			children = (
				518D2DA31A3D447C00799931 /* Info.plist */,
			);
			name = "Supporting Files";
			sourceTree = "<group>";
		};
/* End PBXGroup section */

/* Begin PBXNativeTarget section */
		518D2D881A3D447C00799931 /* Tweeter */ = {
			isa = PBXNativeTarget;
			buildConfigurationList = 518D2DA81A3D447C00799931 /* Build configuration list for PBXNativeTarget "Tweeter" */;
			buildPhases = (
				518D2D851A3D447C00799931 /* Sources */,
				518D2D861A3D447C00799931 /* Frameworks */,
				518D2D871A3D447C00799931 /* Resources */,
			);
			buildRules = (
			);
			dependencies = (
			);
			name = Tweeter;
			productName = Tweeter;
			productReference = 518D2D891A3D447C00799931 /* Tweeter.app */;
			productType = "com.apple.product-type.application";
		};
		518D2D9D1A3D447C00799931 /* TweeterTests */ = {
			isa = PBXNativeTarget;
			buildConfigurationList = 518D2DAB1A3D447C00799931 /* Build configuration list for PBXNativeTarget "TweeterTests" */;
			buildPhases = (
				518D2D9A1A3D447C00799931 /* Sources */,
				518D2D9B1A3D447C00799931 /* Frameworks */,
				518D2D9C1A3D447C00799931 /* Resources */,
			);
			buildRules = (
			);
			dependencies = (
				518D2DA01A3D447C00799931 /* PBXTargetDependency */,
			);
			name = TweeterTests;
			productName = TweeterTests;
			productReference = 518D2D9E1A3D447C00799931 /* TweeterTests.xctest */;
			productType = "com.apple.product-type.bundle.unit-test";
		};
/* End PBXNativeTarget section */

/* Begin PBXProject section */
		518D2D811A3D447B00799931 /* Project object */ = {
			isa = PBXProject;
			attributes = {
				LastUpgradeCheck = 0610;
				ORGANIZATIONNAME = funcTom;
				TargetAttributes = {
					518D2D881A3D447C00799931 = {
						CreatedOnToolsVersion = 6.1.1;
					};
					518D2D9D1A3D447C00799931 = {
						CreatedOnToolsVersion = 6.1.1;
						TestTargetID = 518D2D881A3D447C00799931;
					};
				};
			};
			buildConfigurationList = 518D2D841A3D447B00799931 /* Build configuration list for PBXProject "Tweeter" */;
			compatibilityVersion = "Xcode 3.2";
			developmentRegion = English;
			hasScannedForEncodings = 0;
			knownRegions = (
				en,
				Base,
			);
			mainGroup = 518D2D801A3D447B00799931;
			productRefGroup = 518D2D8A1A3D447C00799931 /* Products */;
			projectDirPath = "";
			projectRoot = "";
			targets = (
				518D2D881A3D447C00799931 /* Tweeter */,
				518D2D9D1A3D447C00799931 /* TweeterTests */,
			);
		};
/* End PBXProject section */

/* Begin PBXResourcesBuildPhase section */
		518D2D871A3D447C00799931 /* Resources */ = {
			isa = PBXResourcesBuildPhase;
			buildActionMask = 2147483647;
			files = (
				518D2D941A3D447C00799931 /* Main.storyboard in Resources */,
				518D2D991A3D447C00799931 /* LaunchScreen.xib in Resources */,
				518D2D961A3D447C00799931 /* Images.xcassets in Resources */,
			);
			runOnlyForDeploymentPostprocessing = 0;
		};
		518D2D9C1A3D447C00799931 /* Resources */ = {
			isa = PBXResourcesBuildPhase;
			buildActionMask = 2147483647;
			files = (
			);
			runOnlyForDeploymentPostprocessing = 0;
		};
/* End PBXResourcesBuildPhase section */

/* Begin PBXSourcesBuildPhase section */
		518D2D851A3D447C00799931 /* Sources */ = {
			isa = PBXSourcesBuildPhase;
			buildActionMask = 2147483647;
			files = (
				518D2DB11A3D774A00799931 /* ParseTweet.swift in Sources */,
				518D2D911A3D447C00799931 /* ViewController.swift in Sources */,
				518D2D8F1A3D447C00799931 /* AppDelegate.swift in Sources */,
			);
			runOnlyForDeploymentPostprocessing = 0;
		};
		518D2D9A1A3D447C00799931 /* Sources */ = {
			isa = PBXSourcesBuildPhase;
			buildActionMask = 2147483647;
			files = (
				518D2DA51A3D447C00799931 /* TweeterTests.swift in Sources */,
			);
			runOnlyForDeploymentPostprocessing = 0;
		};
/* End PBXSourcesBuildPhase section */

/* Begin PBXTargetDependency section */
		518D2DA01A3D447C00799931 /* PBXTargetDependency */ = {
			isa = PBXTargetDependency;
			target = 518D2D881A3D447C00799931 /* Tweeter */;
			targetProxy = 518D2D9F1A3D447C00799931 /* PBXContainerItemProxy */;
		};
/* End PBXTargetDependency section */

/* Begin PBXVariantGroup section */
		518D2D921A3D447C00799931 /* Main.storyboard */ = {
			isa = PBXVariantGroup;
			children = (
				518D2D931A3D447C00799931 /* Base */,
			);
			name = Main.storyboard;
			sourceTree = "<group>";
		};
		518D2D971A3D447C00799931 /* LaunchScreen.xib */ = {
			isa = PBXVariantGroup;
			children = (
				518D2D981A3D447C00799931 /* Base */,
			);
			name = LaunchScreen.xib;
			sourceTree = "<group>";
		};
/* End PBXVariantGroup section */

/* Begin XCBuildConfiguration section */
		518D2DA61A3D447C00799931 /* Debug */ = {
			isa = XCBuildConfiguration;
			buildSettings = {
				ALWAYS_SEARCH_USER_PATHS = NO;
				CLANG_CXX_LANGUAGE_STANDARD = "gnu++0x";
				CLANG_CXX_LIBRARY = "libc++";
				CLANG_ENABLE_MODULES = YES;
				CLANG_ENABLE_OBJC_ARC = YES;
				CLANG_WARN_BOOL_CONVERSION = YES;
				CLANG_WARN_CONSTANT_CONVERSION = YES;
				CLANG_WARN_DIRECT_OBJC_ISA_USAGE = YES_ERROR;
				CLANG_WARN_EMPTY_BODY = YES;
				CLANG_WARN_ENUM_CONVERSION = YES;
				CLANG_WARN_INT_CONVERSION = YES;
				CLANG_WARN_OBJC_ROOT_CLASS = YES_ERROR;
				CLANG_WARN_UNREACHABLE_CODE = YES;
				CLANG_WARN__DUPLICATE_METHOD_MATCH = YES;
				"CODE_SIGN_IDENTITY[sdk=iphoneos*]" = "iPhone Developer";
				COPY_PHASE_STRIP = NO;
				ENABLE_STRICT_OBJC_MSGSEND = YES;
				GCC_C_LANGUAGE_STANDARD = gnu99;
				GCC_DYNAMIC_NO_PIC = NO;
				GCC_OPTIMIZATION_LEVEL = 0;
				GCC_PREPROCESSOR_DEFINITIONS = (
					"DEBUG=1",
					"$(inherited)",
				);
				GCC_SYMBOLS_PRIVATE_EXTERN = NO;
				GCC_WARN_64_TO_32_BIT_CONVERSION = YES;
				GCC_WARN_ABOUT_RETURN_TYPE = YES_ERROR;
				GCC_WARN_UNDECLARED_SELECTOR = YES;
				GCC_WARN_UNINITIALIZED_AUTOS = YES_AGGRESSIVE;
				GCC_WARN_UNUSED_FUNCTION = YES;
				GCC_WARN_UNUSED_VARIABLE = YES;
				IPHONEOS_DEPLOYMENT_TARGET = 8.1;
				MTL_ENABLE_DEBUG_INFO = YES;
				ONLY_ACTIVE_ARCH = YES;
				SDKROOT = iphoneos;
				SWIFT_OPTIMIZATION_LEVEL = "-Onone";
			};
			name = Debug;
		};
		518D2DA71A3D447C00799931 /* Release */ = {
			isa = XCBuildConfiguration;
			buildSettings = {
				ALWAYS_SEARCH_USER_PATHS = NO;
				CLANG_CXX_LANGUAGE_STANDARD = "gnu++0x";
				CLANG_CXX_LIBRARY = "libc++";
				CLANG_ENABLE_MODULES = YES;
				CLANG_ENABLE_OBJC_ARC = YES;
				CLANG_WARN_BOOL_CONVERSION = YES;
				CLANG_WARN_CONSTANT_CONVERSION = YES;
				CLANG_WARN_DIRECT_OBJC_ISA_USAGE = YES_ERROR;
				CLANG_WARN_EMPTY_BODY = YES;
				CLANG_WARN_ENUM_CONVERSION = YES;
				CLANG_WARN_INT_CONVERSION = YES;
				CLANG_WARN_OBJC_ROOT_CLASS = YES_ERROR;
				CLANG_WARN_UNREACHABLE_CODE = YES;
				CLANG_WARN__DUPLICATE_METHOD_MATCH = YES;
				"CODE_SIGN_IDENTITY[sdk=iphoneos*]" = "iPhone Developer";
				COPY_PHASE_STRIP = YES;
				ENABLE_NS_ASSERTIONS = NO;
				ENABLE_STRICT_OBJC_MSGSEND = YES;
				GCC_C_LANGUAGE_STANDARD = gnu99;
				GCC_WARN_64_TO_32_BIT_CONVERSION = YES;
				GCC_WARN_ABOUT_RETURN_TYPE = YES_ERROR;
				GCC_WARN_UNDECLARED_SELECTOR = YES;
				GCC_WARN_UNINITIALIZED_AUTOS = YES_AGGRESSIVE;
				GCC_WARN_UNUSED_FUNCTION = YES;
				GCC_WARN_UNUSED_VARIABLE = YES;
				IPHONEOS_DEPLOYMENT_TARGET = 8.1;
				MTL_ENABLE_DEBUG_INFO = NO;
				SDKROOT = iphoneos;
				VALIDATE_PRODUCT = YES;
			};
			name = Release;
		};
		518D2DA91A3D447C00799931 /* Debug */ = {
			isa = XCBuildConfiguration;
			buildSettings = {
				ASSETCATALOG_COMPILER_APPICON_NAME = AppIcon;
				INFOPLIST_FILE = Tweeter/Info.plist;
				LD_RUNPATH_SEARCH_PATHS = "$(inherited) @executable_path/Frameworks";
				PRODUCT_NAME = "$(TARGET_NAME)";
			};
			name = Debug;
		};
		518D2DAA1A3D447C00799931 /* Release */ = {
			isa = XCBuildConfiguration;
			buildSettings = {
				ASSETCATALOG_COMPILER_APPICON_NAME = AppIcon;
				INFOPLIST_FILE = Tweeter/Info.plist;
				LD_RUNPATH_SEARCH_PATHS = "$(inherited) @executable_path/Frameworks";
				PRODUCT_NAME = "$(TARGET_NAME)";
			};
			name = Release;
		};
		518D2DAC1A3D447C00799931 /* Debug */ = {
			isa = XCBuildConfiguration;
			buildSettings = {
				BUNDLE_LOADER = "$(TEST_HOST)";
				FRAMEWORK_SEARCH_PATHS = (
					"$(SDKROOT)/Developer/Library/Frameworks",
					"$(inherited)",
				);
				GCC_PREPROCESSOR_DEFINITIONS = (
					"DEBUG=1",
					"$(inherited)",
				);
				INFOPLIST_FILE = TweeterTests/Info.plist;
				LD_RUNPATH_SEARCH_PATHS = "$(inherited) @executable_path/Frameworks @loader_path/Frameworks";
				PRODUCT_NAME = "$(TARGET_NAME)";
				TEST_HOST = "$(BUILT_PRODUCTS_DIR)/Tweeter.app/Tweeter";
			};
			name = Debug;
		};
		518D2DAD1A3D447C00799931 /* Release */ = {
			isa = XCBuildConfiguration;
			buildSettings = {
				BUNDLE_LOADER = "$(TEST_HOST)";
				FRAMEWORK_SEARCH_PATHS = (
					"$(SDKROOT)/Developer/Library/Frameworks",
					"$(inherited)",
				);
				INFOPLIST_FILE = TweeterTests/Info.plist;
				LD_RUNPATH_SEARCH_PATHS = "$(inherited) @executable_path/Frameworks @loader_path/Frameworks";
				PRODUCT_NAME = "$(TARGET_NAME)";
				TEST_HOST = "$(BUILT_PRODUCTS_DIR)/Tweeter.app/Tweeter";
			};
			name = Release;
		};
/* End XCBuildConfiguration section */

/* Begin XCConfigurationList section */
		518D2D841A3D447B00799931 /* Build configuration list for PBXProject "Tweeter" */ = {
			isa = XCConfigurationList;
			buildConfigurations = (
				518D2DA61A3D447C00799931 /* Debug */,
				518D2DA71A3D447C00799931 /* Release */,
			);
			defaultConfigurationIsVisible = 0;
			defaultConfigurationName = Release;
		};
		518D2DA81A3D447C00799931 /* Build configuration list for PBXNativeTarget "Tweeter" */ = {
			isa = XCConfigurationList;
			buildConfigurations = (
				518D2DA91A3D447C00799931 /* Debug */,
				518D2DAA1A3D447C00799931 /* Release */,
			);
			defaultConfigurationIsVisible = 0;
		};
		518D2DAB1A3D447C00799931 /* Build configuration list for PBXNativeTarget "TweeterTests" */ = {
			isa = XCConfigurationList;
			buildConfigurations = (
				518D2DAC1A3D447C00799931 /* Debug */,
				518D2DAD1A3D447C00799931 /* Release */,
			);
			defaultConfigurationIsVisible = 0;
		};
/* End XCConfigurationList section */
	};
	rootObject = 518D2D811A3D447B00799931 /* Project object */;
}
